Microsoft Visual Studio Solution File, Format Version 12.00
# Visual Studio Version 17
VisualStudioVersion = 17.5.2.0
MinimumVisualStudioVersion = 10.0.40219.1
Project("{FAE04EC0-301F-11D3-BF4B-00C04F79EFBC}") = "Soft1_To_Atum.AppHost", "Soft1_To_Atum.AppHost.csproj", "{1346D892-CE7D-1E9B-3207-1140F83F45C8}"
EndProject
Global
	GlobalSection(SolutionConfigurationPlatforms) = preSolution
		Debug|Any CPU = Debug|Any CPU
		Release|Any CPU = Release|Any CPU
	EndGlobalSection
	GlobalSection(ProjectConfigurationPlatforms) = postSolution
		{1346D892-CE7D-1E9B-3207-1140F83F45C8}.Debug|Any CPU.ActiveCfg = Debug|Any CPU
		{1346D892-CE7D-1E9B-3207-1140F83F45C8}.Debug|Any CPU.Build.0 = Debug|Any CPU
		{1346D892-CE7D-1E9B-3207-1140F83F45C8}.Release|Any CPU.ActiveCfg = Release|Any CPU
		{1346D892-CE7D-1E9B-3207-1140F83F45C8}.Release|Any CPU.Build.0 = Release|Any CPU
	EndGlobalSection
	GlobalSection(SolutionProperties) = preSolution
		HideSolutionNode = FALSE
	EndGlobalSection
	GlobalSection(ExtensibilityGlobals) = postSolution
		SolutionGuid = {32F00A4A-A794-44CF-83F7-1E504809F08A}
	EndGlobalSection
EndGlobal
